
Microsoft Visual Studio Solution File, Format Version 12.00
# Visual Studio 14
VisualStudioVersion = 14.0.25420.1
MinimumVisualStudioVersion = 10.0.40219.1
Project("{2150E333-8FDC-42A3-9474-1A3956D46DE8}") = "src", "src", "{A7029779-6753-4499-9BFD-D62942145850}"
EndProject
Project("{2150E333-8FDC-42A3-9474-1A3956D46DE8}") = "Solution Items", "Solution Items", "{E74B5A72-F218-46CC-A32D-28C16C5FE778}"
	ProjectSection(SolutionItems) = preProject
		global.json = global.json
	EndProjectSection
EndProject
Project("{8BB2217D-0F2D-49D1-97BC-3654ED321F3B}") = "ADBLibrary", "src\ADBLibrary\ADBLibrary.xproj", "{DC342D39-8D80-4B52-8025-B0CF414BA771}"
EndProject
Global
	GlobalSection(SolutionConfigurationPlatforms) = preSolution
		Debug|Any CPU = Debug|Any CPU
		Release|Any CPU = Release|Any CPU
	EndGlobalSection
	GlobalSection(ProjectConfigurationPlatforms) = postSolution
		{DC342D39-8D80-4B52-8025-B0CF414BA771}.Debug|Any CPU.ActiveCfg = Debug|Any CPU
		{DC342D39-8D80-4B52-8025-B0CF414BA771}.Debug|Any CPU.Build.0 = Debug|Any CPU
		{DC342D39-8D80-4B52-8025-B0CF414BA771}.Release|Any CPU.ActiveCfg = Release|Any CPU
		{DC342D39-8D80-4B52-8025-B0CF414BA771}.Release|Any CPU.Build.0 = Release|Any CPU
	EndGlobalSection
	GlobalSection(SolutionProperties) = preSolution
		HideSolutionNode = FALSE
	EndGlobalSection
	GlobalSection(NestedProjects) = preSolution
		{DC342D39-8D80-4B52-8025-B0CF414BA771} = {A7029779-6753-4499-9BFD-D62942145850}
	EndGlobalSection
EndGlobal
