
Microsoft Visual Studio Solution File, Format Version 12.00
# Visual Studio 14
VisualStudioVersion = 14.0.25420.1
MinimumVisualStudioVersion = 10.0.40219.1
Project("{2150E333-8FDC-42A3-9474-1A3956D46DE8}") = "src", "src", "{5DB67650-73BA-4754-8481-C720FF882EDE}"
EndProject
Project("{2150E333-8FDC-42A3-9474-1A3956D46DE8}") = "Solution Items", "Solution Items", "{F941249E-1ED1-41E4-8184-FEE4DB285AA8}"
	ProjectSection(SolutionItems) = preProject
		global.json = global.json
	EndProjectSection
EndProject
Project("{8BB2217D-0F2D-49D1-97BC-3654ED321F3B}") = "AdbOverWifi", "src\AdbOverWifi\AdbOverWifi.xproj", "{A0DA9C19-33AC-4C16-B49C-44E9812AC794}"
EndProject
Global
	GlobalSection(SolutionConfigurationPlatforms) = preSolution
		Debug|Any CPU = Debug|Any CPU
		Release|Any CPU = Release|Any CPU
	EndGlobalSection
	GlobalSection(ProjectConfigurationPlatforms) = postSolution
		{A0DA9C19-33AC-4C16-B49C-44E9812AC794}.Debug|Any CPU.ActiveCfg = Debug|Any CPU
		{A0DA9C19-33AC-4C16-B49C-44E9812AC794}.Debug|Any CPU.Build.0 = Debug|Any CPU
		{A0DA9C19-33AC-4C16-B49C-44E9812AC794}.Release|Any CPU.ActiveCfg = Release|Any CPU
		{A0DA9C19-33AC-4C16-B49C-44E9812AC794}.Release|Any CPU.Build.0 = Release|Any CPU
	EndGlobalSection
	GlobalSection(SolutionProperties) = preSolution
		HideSolutionNode = FALSE
	EndGlobalSection
	GlobalSection(NestedProjects) = preSolution
		{A0DA9C19-33AC-4C16-B49C-44E9812AC794} = {5DB67650-73BA-4754-8481-C720FF882EDE}
	EndGlobalSection
EndGlobal
